Microsoft Visual Studio Solution File, Format Version 12.00
# Visual Studio Version 17
VisualStudioVersion = 17.14.36017.23 d17.14
MinimumVisualStudioVersion = 10.0.40219.1
Project("{FAE04EC0-301F-11D3-BF4B-00C04F79EFBC}") = "CrowdSort.AppHost", "CrowdSort.AppHost\CrowdSort.AppHost.csproj", "{FC5ACE64-468F-41C3-A71A-F11E7FA259FC}"
EndProject
Project("{FAE04EC0-301F-11D3-BF4B-00C04F79EFBC}") = "CrowdSort.ServiceDefaults", "CrowdSort.ServiceDefaults\CrowdSort.ServiceDefaults.csproj", "{C1A53AC3-6401-2F05-C936-3C2A5C9E892E}"
EndProject
Project("{FAE04EC0-301F-11D3-BF4B-00C04F79EFBC}") = "CrowdSort.ApiService", "CrowdSort.ApiService\CrowdSort.ApiService.csproj", "{82E4802F-636F-3455-74D0-A03E69F3D98F}"
EndProject
Project("{FAE04EC0-301F-11D3-BF4B-00C04F79EFBC}") = "CrowdSort.Web", "CrowdSort.Web\CrowdSort.Web.csproj", "{60B1AA88-EAF9-E5F2-7F38-10FCB5726D6F}"
EndProject
Project("{FAE04EC0-301F-11D3-BF4B-00C04F79EFBC}") = "CrowdSort.Tests", "CrowdSort.Tests\CrowdSort.Tests.csproj", "{D5DD3F25-34AA-9B20-7F5E-CD63FF546D05}"
EndProject
Global
	GlobalSection(SolutionConfigurationPlatforms) = preSolution
		Debug|Any CPU = Debug|Any CPU
		Release|Any CPU = Release|Any CPU
	EndGlobalSection
	GlobalSection(ProjectConfigurationPlatforms) = postSolution
		{FC5ACE64-468F-41C3-A71A-F11E7FA259FC}.Debug|Any CPU.ActiveCfg = Debug|Any CPU
		{FC5ACE64-468F-41C3-A71A-F11E7FA259FC}.Debug|Any CPU.Build.0 = Debug|Any CPU
		{FC5ACE64-468F-41C3-A71A-F11E7FA259FC}.Release|Any CPU.ActiveCfg = Release|Any CPU
		{FC5ACE64-468F-41C3-A71A-F11E7FA259FC}.Release|Any CPU.Build.0 = Release|Any CPU
		{C1A53AC3-6401-2F05-C936-3C2A5C9E892E}.Debug|Any CPU.ActiveCfg = Debug|Any CPU
		{C1A53AC3-6401-2F05-C936-3C2A5C9E892E}.Debug|Any CPU.Build.0 = Debug|Any CPU
		{C1A53AC3-6401-2F05-C936-3C2A5C9E892E}.Release|Any CPU.ActiveCfg = Release|Any CPU
		{C1A53AC3-6401-2F05-C936-3C2A5C9E892E}.Release|Any CPU.Build.0 = Release|Any CPU
		{82E4802F-636F-3455-74D0-A03E69F3D98F}.Debug|Any CPU.ActiveCfg = Debug|Any CPU
		{82E4802F-636F-3455-74D0-A03E69F3D98F}.Debug|Any CPU.Build.0 = Debug|Any CPU
		{82E4802F-636F-3455-74D0-A03E69F3D98F}.Release|Any CPU.ActiveCfg = Release|Any CPU
		{82E4802F-636F-3455-74D0-A03E69F3D98F}.Release|Any CPU.Build.0 = Release|Any CPU
		{60B1AA88-EAF9-E5F2-7F38-10FCB5726D6F}.Debug|Any CPU.ActiveCfg = Debug|Any CPU
		{60B1AA88-EAF9-E5F2-7F38-10FCB5726D6F}.Debug|Any CPU.Build.0 = Debug|Any CPU
		{60B1AA88-EAF9-E5F2-7F38-10FCB5726D6F}.Release|Any CPU.ActiveCfg = Release|Any CPU
		{60B1AA88-EAF9-E5F2-7F38-10FCB5726D6F}.Release|Any CPU.Build.0 = Release|Any CPU
		{D5DD3F25-34AA-9B20-7F5E-CD63FF546D05}.Debug|Any CPU.ActiveCfg = Debug|Any CPU
		{D5DD3F25-34AA-9B20-7F5E-CD63FF546D05}.Debug|Any CPU.Build.0 = Debug|Any CPU
		{D5DD3F25-34AA-9B20-7F5E-CD63FF546D05}.Release|Any CPU.ActiveCfg = Release|Any CPU
		{D5DD3F25-34AA-9B20-7F5E-CD63FF546D05}.Release|Any CPU.Build.0 = Release|Any CPU
	EndGlobalSection
	GlobalSection(SolutionProperties) = preSolution
		HideSolutionNode = FALSE
	EndGlobalSection
	GlobalSection(ExtensibilityGlobals) = postSolution
		SolutionGuid = {3C32B84F-E62B-4957-96CF-0821B7CAA953}
	EndGlobalSection
EndGlobal
